
Microsoft Visual Studio Solution File, Format Version 12.00
# Visual Studio Version 16
VisualStudioVersion = 16.0.29920.165
MinimumVisualStudioVersion = 10.0.40219.1
Project("{FAE04EC0-301F-11D3-BF4B-00C04F79EFBC}") = "SellectSort", "SellectSort\SellectSort.csproj", "{2BE0F0BC-1E6B-4D74-8FA1-B4ADFDE581EC}"
EndProject
Global
	GlobalSection(SolutionConfigurationPlatforms) = preSolution
		Debug|Any CPU = Debug|Any CPU
		Release|Any CPU = Release|Any CPU
	EndGlobalSection
	GlobalSection(ProjectConfigurationPlatforms) = postSolution
		{2BE0F0BC-1E6B-4D74-8FA1-B4ADFDE581EC}.Debug|Any CPU.ActiveCfg = Debug|Any CPU
		{2BE0F0BC-1E6B-4D74-8FA1-B4ADFDE581EC}.Debug|Any CPU.Build.0 = Debug|Any CPU
		{2BE0F0BC-1E6B-4D74-8FA1-B4ADFDE581EC}.Release|Any CPU.ActiveCfg = Release|Any CPU
		{2BE0F0BC-1E6B-4D74-8FA1-B4ADFDE581EC}.Release|Any CPU.Build.0 = Release|Any CPU
	EndGlobalSection
	GlobalSection(SolutionProperties) = preSolution
		HideSolutionNode = FALSE
	EndGlobalSection
	GlobalSection(ExtensibilityGlobals) = postSolution
		SolutionGuid = {A1F19AF3-0048-4285-9A81-F418644DD448}
	EndGlobalSection
EndGlobal
